<?xml version="1.0" encoding="utf-8"?>
<Project ToolsVersion="4.0" xmlns="http://schemas.microsoft.com/developer/msbuild/2003">
  <ItemGroup>
    <Filter Include="Resource Files">
      <UniqueIdentifier>{67DA6AB6-F800-4c08-8B7A-83BB121AAD01}</UniqueIdentifier>
      <Extensions>rc;ico;cur;bmp;dlg;rc2;rct;bin;rgs;gif;jpg;jpeg;jpe;resx;tiff;tif;png;wav;mfcribbon-ms</Extensions>
    </Filter>
    <Filter Include="xgLib">
      <UniqueIdentifier>{221d4938-5216-495e-b94a-8ab988bf8054}</UniqueIdentifier>
    </Filter>
    <Filter Include="guiLib">
      <UniqueIdentifier>{5d41884b-02cf-4bd0-b44f-afab7e9b05db}</UniqueIdentifier>
    </Filter>
  </ItemGroup>
  <ItemGroup>
    <ClCompile Include="src\XgMessagePanel.cpp">
      <Filter>guiLib</Filter>
    </ClCompile>
    <ClCompile Include="src\XgInspectorPanel.cpp">
      <Filter>guiLib</Filter>
    </ClCompile>
    <ClCompile Include="src\XgCanvas.cpp">
      <Filter>guiLib</Filter>
    </ClCompile>
    <ClCompile Include="src\XgTransform.cpp">
      <Filter>xgLib</Filter>
    </ClCompile>
    <ClCompile Include="src\XgSprite.cpp">
      <Filter>xgLib</Filter>
    </ClCompile>
    <ClCompile Include="src\XgState.cpp">
      <Filter>xgLib</Filter>
    </ClCompile>
    <ClCompile Include="src\XgTexture.cpp">
      <Filter>xgLib</Filter>
    </ClCompile>
    <ClCompile Include="src\XgTracker.cpp">
      <Filter>xgLib</Filter>
    </ClCompile>
    <ClCompile Include="src\XgEvent.cpp">
      <Filter>xgLib</Filter>
    </ClCompile>
    <ClCompile Include="src\XgBehavior.cpp">
      <Filter>xgLib</Filter>
    </ClCompile>
    <ClCompile Include="src\XgAction.cpp">
      <Filter>xgLib</Filter>
    </ClCompile>
    <ClCompile Include="src\XgCharacter.cpp">
      <Filter>xgLib</Filter>
    </ClCompile>
    <ClCompile Include="src\XgShader.cpp">
      <Filter>xgLib</Filter>
    </ClCompile>
    <ClCompile Include="src\XgCamera.cpp">
      <Filter>xgLib</Filter>
    </ClCompile>
    <ClCompile Include="src\XgCameraTelemetry.cpp">
      <Filter>xgLib</Filter>
    </ClCompile>
    <ClCompile Include="src\XgScreenSize.cpp">
      <Filter>xgLib</Filter>
    </ClCompile>
    <ClCompile Include="src\XgFlipBook.cpp">
      <Filter>xgLib</Filter>
    </ClCompile>
    <ClCompile Include="src\XgFramework.cpp">
      <Filter>xgLib</Filter>
    </ClCompile>
    <ClCompile Include="src\XgShaderObject.cpp">
      <Filter>xgLib</Filter>
    </ClCompile>
  </ItemGroup>
  <ItemGroup>
    <ClInclude Include="src\XgMessagePanel.h">
      <Filter>guiLib</Filter>
    </ClInclude>
    <ClInclude Include="src\XgInspectorPanel.h">
      <Filter>guiLib</Filter>
    </ClInclude>
    <ClInclude Include="src\XgCanvas.h">
      <Filter>guiLib</Filter>
    </ClInclude>
    <ClInclude Include="src\Xg.h">
      <Filter>xgLib</Filter>
    </ClInclude>
    <ClInclude Include="src\XgConstants.h">
      <Filter>xgLib</Filter>
    </ClInclude>
    <ClInclude Include="src\XgTransform.h">
      <Filter>xgLib</Filter>
    </ClInclude>
    <ClInclude Include="src\XgSprite.h">
      <Filter>xgLib</Filter>
    </ClInclude>
    <ClInclude Include="src\XgState.h">
      <Filter>xgLib</Filter>
    </ClInclude>
    <ClInclude Include="src\XgTexture.h">
      <Filter>xgLib</Filter>
    </ClInclude>
    <ClInclude Include="src\XgTracker.h">
      <Filter>xgLib</Filter>
    </ClInclude>
    <ClInclude Include="src\XgEvent.h">
      <Filter>xgLib</Filter>
    </ClInclude>
    <ClInclude Include="src\XgBehavior.h">
      <Filter>xgLib</Filter>
    </ClInclude>
    <ClInclude Include="src\XgAction.h">
      <Filter>xgLib</Filter>
    </ClInclude>
    <ClInclude Include="src\XgCharacter.h">
      <Filter>xgLib</Filter>
    </ClInclude>
    <ClInclude Include="src\XgShader.h">
      <Filter>xgLib</Filter>
    </ClInclude>
    <ClInclude Include="src\XgCamera.h">
      <Filter>xgLib</Filter>
    </ClInclude>
    <ClInclude Include="src\XgCameraTelemetry.h">
      <Filter>xgLib</Filter>
    </ClInclude>
    <ClInclude Include="src\XgScreenSize.h">
      <Filter>xgLib</Filter>
    </ClInclude>
    <ClInclude Include="src\XgFlipBook.h">
      <Filter>xgLib</Filter>
    </ClInclude>
    <ClInclude Include="src\XgFramework.h">
      <Filter>xgLib</Filter>
    </ClInclude>
    <ClInclude Include="src\XgShaderObject.h">
      <Filter>xgLib</Filter>
    </ClInclude>
  </ItemGroup>
</Project>